
Microsoft Visual Studio Solution File, Format Version 12.00
# Visual Studio Version 17
VisualStudioVersion = 17.11.35303.130
MinimumVisualStudioVersion = 10.0.40219.1
Project("{FAE04EC0-301F-11D3-BF4B-00C04F79EFBC}") = "Pharmacy Management System", "Pharmacy Management System\Pharmacy Management System.csproj", "{78466C2D-AE9F-4699-8C2E-39498CACBD14}"
EndProject
Global
	GlobalSection(SolutionConfigurationPlatforms) = preSolution
		Debug|Any CPU = Debug|Any CPU
		Release|Any CPU = Release|Any CPU
	EndGlobalSection
	GlobalSection(ProjectConfigurationPlatforms) = postSolution
		{78466C2D-AE9F-4699-8C2E-39498CACBD14}.Debug|Any CPU.ActiveCfg = Debug|Any CPU
		{78466C2D-AE9F-4699-8C2E-39498CACBD14}.Debug|Any CPU.Build.0 = Debug|Any CPU
		{78466C2D-AE9F-4699-8C2E-39498CACBD14}.Release|Any CPU.ActiveCfg = Release|Any CPU
		{78466C2D-AE9F-4699-8C2E-39498CACBD14}.Release|Any CPU.Build.0 = Release|Any CPU
	EndGlobalSection
	GlobalSection(SolutionProperties) = preSolution
		HideSolutionNode = FALSE
	EndGlobalSection
	GlobalSection(ExtensibilityGlobals) = postSolution
		SolutionGuid = {7EB0BFF5-F959-44C7-B9AC-5C24B41F2178}
	EndGlobalSection
EndGlobal
